lockfileVersion: '9.0'

settings:
  autoInstallPeers: true
  excludeLinksFromLockfile: false

overrides:
  picomatch: 4.0.4

importers:

  .:
    dependencies:
      '@codemirror/autocomplete':
        specifier: ^6.6.0
        version: 6.6.0(@codemirror/language@6.0.0)(@codemirror/state@6.2.0)(@codemirror/view@6.10.1)(@lezer/common@1.0.2)
      '@codemirror/language':
        specifier: ^6.0.0
        version: 6.0.0
      '@lezer/highlight':
        specifier: ^1.1.6
        version: 1.1.6
      '@lezer/lr':
        specifier: ^1.3.0
        version: 1.3.0
      hastscript:
        specifier: ^8.0.0
        version: 8.0.0
      unist-util-visit:
        specifier: ^5.0.0
        version: 5.0.0
    devDependencies:
      '@lezer/generator':
        specifier: ^1.3.0
        version: 1.3.0
      rollup:
        specifier: ^2.79.2
        version: 2.80.0
      rollup-plugin-dts:
        specifier: ^4.0.1
        version: 4.0.1(rollup@2.80.0)(typescript@4.9.5)
      rollup-plugin-ts:
        specifier: ^3.4.5
        version: 3.4.5(rollup@2.80.0)(typescript@4.9.5)
      typescript:
        specifier: ^4.9.5
        version: 4.9.5

packages:

  '@babel/code-frame@7.21.4':
    resolution: {integrity: sha512-LYvhNKfwWSPpocw8GI7gpK2nq3HSDuEPC/uSYaALSJu9xjsalaaYFOq0Pwt5KmVqwEbZlDu81aLXwBOmD/Fv9g==}
    engines: {node: '>=6.9.0'}

  '@babel/helper-validator-identifier@7.19.1':
    resolution: {integrity: sha512-awrNfaMtnHUr653GgGEs++LlAvW6w+DcPrOliSMXWCKo597CwL5Acf/wWdNkf/tfEQE3mjkeD1YOVZOUV/od1w==}
    engines: {node: '>=6.9.0'}

  '@babel/highlight@7.18.6':
    resolution: {integrity: sha512-u7stbOuYjaPezCuLj29hNW1v64M2Md2qupEKP1fHc7WdOA3DgLh37suiSrZYY7haUB7iBeQZ9P1uiRF359do3g==}
    engines: {node: '>=6.9.0'}

  '@codemirror/autocomplete@6.6.0':
    resolution: {integrity: sha512-SjbgWSwNKbyQOiVXtG8DXG2z29zTbmzpGccxMqakVo+vqK8fx3Ai0Ee7is3JqX6dxJOoK0GfP3LfeUK53Ltv7w==}
    peerDependencies:
      '@codemirror/language': ^6.0.0
      '@codemirror/state': ^6.0.0
      '@codemirror/view': ^6.0.0
      '@lezer/common': ^1.0.0

  '@codemirror/language@6.0.0':
    resolution: {integrity: sha512-rtjk5ifyMzOna1c7PBu7J1VCt0PvA5wy3o8eMVnxMKb7z8KA7JFecvD04dSn14vj/bBaAbqRsGed5OjtofEnLA==}

  '@codemirror/state@6.2.0':
    resolution: {integrity: sha512-69QXtcrsc3RYtOtd+GsvczJ319udtBf1PTrr2KbLWM/e2CXUPnh0Nz9AUo8WfhSQ7GeL8dPVNUmhQVgpmuaNGA==}

  '@codemirror/view@6.10.1':
    resolution: {integrity: sha512-Q3FAmkajqcoqBUlfrlD6p58lnuffYxS/6ImIrsLd4SZOZItCBysqAXvQ/OqWxMCyVuDoh5KaNErl9/FDlWM5IA==}

  '@jridgewell/sourcemap-codec@1.5.5':
    resolution: {integrity: sha512-cYQ9310grqxueWbl+WuIUIaiUaDcj7WOq5fVhEljNVgRfOUhY9fy2zTvfoqWsnebh8Sl70VScFbICvJnLKB0Og==}

  '@lezer/common@1.0.2':
    resolution: {integrity: sha512-SVgiGtMnMnW3ActR8SXgsDhw7a0w0ChHSYAyAUxxrOiJ1OqYWEKk/xJd84tTSPo1mo6DXLObAJALNnd0Hrv7Ng==}

  '@lezer/generator@1.3.0':
    resolution: {integrity: sha512-7HfulDoOMOkskb97fnwgpC6StwPVSob4ptc0iuOH72rapNQBbp6lVj05y7vc5IM0E9pjFjiLmNQeiBiSbLpCtA==}
    hasBin: true

  '@lezer/highlight@1.1.6':
    resolution: {integrity: sha512-cmSJYa2us+r3SePpRCjN5ymCqCPv+zyXmDl0ciWtVaNiORT/MxM7ZgOMQZADD0o51qOaOg24qc/zBViOIwAjJg==}

  '@lezer/lr@1.3.0':
    resolution: {integrity: sha512-rpvS+WPS/PlbJCiW+bzXPbIFIRXmzRiTEDzMvrvgpED05w5ZQO59AzH3BJen2AnHuJIlP3DcJRjsKLTrkknUNA==}

  '@mdn/browser-compat-data@5.7.6':
    resolution: {integrity: sha512-7xdrMX0Wk7grrTZQwAoy1GkvPMFoizStUoL+VmtUkAxegbCCec+3FKwOM6yc/uGU5+BEczQHXAlWiqvM8JeENg==}

  '@rollup/pluginutils@5.3.0':
    resolution: {integrity: sha512-5EdhGZtnu3V88ces7s53hhfK5KSASnJZv8Lulpc04cWO3REESroJXg73DFsOmgbU2BhwV0E20bu2IDZb3VKW4Q==}
    engines: {node: '>=14.0.0'}
    peerDependencies:
      rollup: ^1.20.0||^2.0.0||^3.0.0||^4.0.0
    peerDependenciesMeta:
      rollup:
        optional: true

  '@types/estree@1.0.8':
    resolution: {integrity: sha512-dWHzHa2WqEXI/O1E9OjrocMTKJl2mSrEolh1Iomrv6U+JuNwaHXsXx9bLu5gG7BUWFIN0skIQJQ/L1rIex4X6w==}

  '@types/hast@3.0.0':
    resolution: {integrity: sha512-SoytUJRuf68HXYqcXicQIhCrLQjqeYU2anikr4G3p3Iz+OZO5QDQpDj++gv+RenHsnUBwNZ2dumBArF8VLSk2Q==}

  '@types/node@17.0.45':
    resolution: {integrity: sha512-w+tIMs3rq2afQdsPJlODhoUEKzFP1ayaoyl1CcnwtIlsVe7K7bA1NGm4s3PraqTLlXnbIN84zuBlxBWo1u9BLw==}

  '@types/object-path@0.11.4':
    resolution: {integrity: sha512-4tgJ1Z3elF/tOMpA8JLVuR9spt9Ynsf7+JjqsQ2IqtiPJtcLoHoXcT6qU4E10cPFqyXX5HDm9QwIzZhBSkLxsw==}

  '@types/semver@7.7.1':
    resolution: {integrity: sha512-FmgJfu+MOcQ370SD0ev7EI8TlCAfKYU+B4m5T3yXc1CiRN94g/SZPtsCkk506aUDtlMnFZvasDwHHUcZUEaYuA==}

  '@types/ua-parser-js@0.7.39':
    resolution: {integrity: sha512-P/oDfpofrdtF5xw433SPALpdSchtJmY7nsJItf8h3KXqOslkbySh8zq4dSWXH2oTjRvJ5PczVEoCZPow6GicLg==}

  '@types/unist@3.0.0':
    resolution: {integrity: sha512-MFETx3tbTjE7Uk6vvnWINA/1iJ7LuMdO4fcq8UfF0pRbj01aGLduVvQcRyswuACJdpnHgg8E3rQLhaRdNEJS0w==}

  '@wessberg/stringutil@1.0.19':
    resolution: {integrity: sha512-9AZHVXWlpN8Cn9k5BC/O0Dzb9E9xfEMXzYrNunwvkUTvuK7xgQPVRZpLo+jWCOZ5r8oBa8NIrHuPEu1hzbb6bg==}
    engines: {node: '>=8.0.0'}

  ansi-colors@4.1.3:
    resolution: {integrity: sha512-/6w/C21Pm1A7aZitlI5Ni/2J6FFQN8i1Cvz3kHABAAbw93v/NlvKdVOqz7CCWz/3iv/JplRSEEZ83XION15ovw==}
    engines: {node: '>=6'}

  ansi-styles@3.2.1:
    resolution: {integrity: sha512-VT0ZI6kZRdTh8YyJw3SMbYm/u+NqfsAxEpWO0Pf9sq8/e94WxxOpPKx9FR1FlyCtOVDNOQ+8ntlqFxiRc+r5qA==}
    engines: {node: '>=4'}

  baseline-browser-mapping@2.10.0:
    resolution: {integrity: sha512-lIyg0szRfYbiy67j9KN8IyeD7q7hcmqnJ1ddWmNt19ItGpNN64mnllmxUNFIOdOm6by97jlL6wfpTTJrmnjWAA==}
    engines: {node: '>=6.0.0'}
    hasBin: true

  browserslist-generator@2.3.0:
    resolution: {integrity: sha512-NEvS2dNlBKfSL3qDUTM3NkJMfjMAPEjvEGnhMZKql6ZNzJ8asqFpmuTizwOpRQeYA0/VktmOXa+mFPv8nvcIGw==}
    engines: {node: '>=16.15.1', npm: '>=7.0.0', pnpm: '>=3.2.0', yarn: '>=1.13'}

  browserslist@4.28.1:
    resolution: {integrity: sha512-ZC5Bd0LgJXgwGqUknZY/vkUQ04r8NXnJZ3yYi4vDmSiZmC/pdSN0NbNRPxZpbtO4uAfDUAFffO8IZoM3Gj8IkA==}
    engines: {node: ^6 || ^7 || ^8 || ^9 || ^10 || ^11 || ^12 || >=13.7}
    hasBin: true

  caniuse-lite@1.0.30001774:
    resolution: {integrity: sha512-DDdwPGz99nmIEv216hKSgLD+D4ikHQHjBC/seF98N9CPqRX4M5mSxT9eTV6oyisnJcuzxtZy4n17yKKQYmYQOA==}

  chalk@2.4.2:
    resolution: {integrity: sha512-Mti+f9lpJNcwF4tWV8/OrTTtF1gZi+f8FqlyAdouralcFWFQWF2+NgCHShjkCb+IFBLq9buZwE1xckQU4peSuQ==}
    engines: {node: '>=4'}

  color-convert@1.9.3:
    resolution: {integrity: sha512-QfAUtd+vFdAtFQcC8CCyYt1fYWxSqAiK2cSD6zDB8N3cpsEBAvRxp9zOGg6G/SHHJYAT88/az/IuDGALsNVbGg==}

  color-name@1.1.3:
    resolution: {integrity: sha512-72fSenhMw2HZMTVHeCA9KCmpEIbzWiQsjN+BHcBbS9vr1mtt+vJjPdksIBNUmKAW8TFUDPJK5SUU3QhE9NEXDw==}

  comma-separated-tokens@2.0.3:
    resolution: {integrity: sha512-Fu4hJdvzeylCfQPp9SGWidpzrMs7tTrlu6Vb8XGaRGck8QSNZJJp538Wrb60Lax4fPwR64ViY468OIUTbRlGZg==}

  compatfactory@3.0.0:
    resolution: {integrity: sha512-WD5kF7koPwVoyKL8p0LlrmIZtilrD46sQStyzzxzTFinMKN2Dxk1hN+sddLSQU1mGIZvQfU8c+ONSghvvM40jg==}
    engines: {node: '>=14.9.0'}
    peerDependencies:
      typescript: '>=3.x || >= 4.x || >= 5.x'

  crosspath@2.0.0:
    resolution: {integrity: sha512-ju88BYCQ2uvjO2bR+SsgLSTwTSctU+6Vp2ePbKPgSCZyy4MWZxYsT738DlKVRE5utUjobjPRm1MkTYKJxCmpTA==}
    engines: {node: '>=14.9.0'}

  electron-to-chromium@1.5.302:
    resolution: {integrity: sha512-sM6HAN2LyK82IyPBpznDRqlTQAtuSaO+ShzFiWTvoMJLHyZ+Y39r8VMfHzwbU8MVBzQ4Wdn85+wlZl2TLGIlwg==}

  escalade@3.2.0:
    resolution: {integrity: sha512-WUj2qlxaQtO4g6Pq5c29GTcWGDyd8itL8zTlipgECz3JesAiiOKotd8JU6otB3PACgG6xkJUyVhboMS+bje/jA==}
    engines: {node: '>=6'}

  escape-string-regexp@1.0.5:
    resolution: {integrity: sha512-vbRorB5FUQWvla16U8R/qgaFIya2qGzwDrNmCZuYKrbdSUMG6I1ZCGQRefkRVhuOkIGVne7BQ35DSfo1qvJqFg==}
    engines: {node: '>=0.8.0'}

  estree-walker@2.0.2:
    resolution: {integrity: sha512-Rfkk/Mp/DL7JVje3u18FxFujQlTNR2q6QfMSMB7AvCBx91NGj/ba3kCfza0f6dVDbw7YlRf/nDrn7pQrCCyQ/w==}

  fsevents@2.3.2:
    resolution: {integrity: sha512-xiqMQR4xAeHTuB9uWm+fFRcIOgKBMiOBP+eXiyT7jsgVCq1bkVygt00oASowB7EdtpOHaaPgKt812P9ab+DDKA==}
    engines: {node: ^8.16.0 || ^10.6.0 || >=11.0.0}
    os: [darwin]

  has-flag@3.0.0:
    resolution: {integrity: sha512-sKJf1+ceQBr4SMkvQnBDNDtf4TXpVhVGateu0t918bl30FnbE2m4vNLX+VWe/dpjlb+HugGYzW7uQXH98HPEYw==}
    engines: {node: '>=4'}

  hast-util-parse-selector@4.0.0:
    resolution: {integrity: sha512-wkQCkSYoOGCRKERFWcxMVMOcYE2K1AaNLU8DXS9arxnLOUEWbOXKXiJUNzEpqZ3JOKpnha3jkFrumEjVliDe7A==}

  hastscript@8.0.0:
    resolution: {integrity: sha512-dMOtzCEd3ABUeSIISmrETiKuyydk1w0pa+gE/uormcTpSYuaNJPbX1NU3JLyscSLjwAQM8bWMhhIlnCqnRvDTw==}

  helpertypes@0.0.19:
    resolution: {integrity: sha512-J00e55zffgi3yVnUp0UdbMztNkr2PnizEkOe9URNohnrNhW5X0QpegkuLpOmFQInpi93Nb8MCjQRHAiCDF42NQ==}
    engines: {node: '>=10.0.0'}

  isbot@3.8.0:
    resolution: {integrity: sha512-vne1mzQUTR+qsMLeCBL9+/tgnDXRyc2pygLGl/WsgA+EZKIiB5Ehu0CiVTHIIk30zhJ24uGz4M5Ppse37aR0Hg==}
    engines: {node: '>=12'}

  js-tokens@4.0.0:
    resolution: {integrity: sha512-RdJUflcE3cUzKiMqQgsCu06FPu9UdIJO0beYbPhHN4k6apgJtifcoCtT9bcxOpYBtpD2kCM6Sbzg4CausW/PKQ==}

  magic-string@0.25.9:
    resolution: {integrity: sha512-RmF0AsMzgt25qzqqLc1+MbHmhdx0ojF2Fvs4XnOqz2ZOBXzzkEwc/dJQZCYHAn7v1jbVOjAZfK8msRn4BxO4VQ==}

  magic-string@0.30.21:
    resolution: {integrity: sha512-vd2F4YUyEXKGcLHoq+TEyCjxueSeHnFxyyjNp80yg0XV4vUhnDer/lvvlqM/arB5bXQN5K2/3oinyCRyx8T2CQ==}

  node-releases@2.0.27:
    resolution: {integrity: sha512-nmh3lCkYZ3grZvqcCH+fjmQ7X+H0OeZgP40OierEaAptX4XofMh5kwNbWh7lBduUzCcV/8kZ+NDLCwm2iorIlA==}

  object-path@0.11.8:
    resolution: {integrity: sha512-YJjNZrlXJFM42wTBn6zgOJVar9KFJvzx6sTWDte8sWZF//cnjl0BxHNpfZx+ZffXX63A9q0b1zsFiBX4g4X5KA==}
    engines: {node: '>= 10.12.0'}

  picocolors@1.1.1:
    resolution: {integrity: sha512-xceH2snhtb5M9liqDsmEw56le376mTZkEX/jEb/RxNFyegNul7eNslCXP9FDj/Lcu0X8KEyMceP2ntpaHrDEVA==}

  picomatch@4.0.4:
    resolution: {integrity: sha512-QP88BAKvMam/3NxH6vj2o21R6MjxZUAd6nlwAS/pnGvN9IVLocLHxGYIzFhg6fUQ+5th6P4dv4eW9jX3DSIj7A==}
    engines: {node: '>=12'}

  property-information@6.2.0:
    resolution: {integrity: sha512-kma4U7AFCTwpqq5twzC1YVIDXSqg6qQK6JN0smOw8fgRy1OkMi0CYSzFmsy6dnqSenamAtj0CyXMUJ1Mf6oROg==}

  rollup-plugin-dts@4.0.1:
    resolution: {integrity: sha512-DNv5F8pro/r0Hkx3JWKRtJZocDnqXfgypoajeiaNq134rYaFcEIl/oas5PogD1qexMadVijsHyVko1Chig0OOQ==}
    engines: {node: '>=v12.22.6'}
    peerDependencies:
      rollup: ^2.56.3
      typescript: ^4.4.2

  rollup-plugin-ts@3.4.5:
    resolution: {integrity: sha512-9iCstRJpEZXSRQuXitlSZAzcGlrqTbJg1pE4CMbEi6xYldxVncdPyzA2I+j6vnh73wBymZckerS+Q/iEE/M3Ow==}
    engines: {node: '>=16.15.1', npm: '>=7.0.0', pnpm: '>=3.2.0', yarn: '>=1.13'}
    deprecated: please use @rollup/plugin-typescript and rollup-plugin-dts instead
    peerDependencies:
      '@babel/core': '>=7.x'
      '@babel/plugin-transform-runtime': '>=7.x'
      '@babel/preset-env': '>=7.x'
      '@babel/preset-typescript': '>=7.x'
      '@babel/runtime': '>=7.x'
      '@swc/core': '>=1.x'
      '@swc/helpers': '>=0.2'
      rollup: '>=1.x || >=2.x || >=3.x'
      typescript: '>=3.2.x || >= 4.x || >= 5.x'
    peerDependenciesMeta:
      '@babel/core':
        optional: true
      '@babel/plugin-transform-runtime':
        optional: true
      '@babel/preset-env':
        optional: true
      '@babel/preset-typescript':
        optional: true
      '@babel/runtime':
        optional: true
      '@swc/core':
        optional: true
      '@swc/helpers':
        optional: true

  rollup@2.80.0:
    resolution: {integrity: sha512-cIFJOD1DESzpjOBl763Kp1AH7UE/0fcdHe6rZXUdQ9c50uvgigvW97u3IcSeBwOkgqL/PXPBktBCh0KEu5L8XQ==}
    engines: {node: '>=10.0.0'}
    hasBin: true

  semver@7.7.4:
    resolution: {integrity: sha512-vFKC2IEtQnVhpT78h1Yp8wzwrf8CM+MzKMHGJZfBtzhZNycRFnXsHk6E5TxIkkMsgNS7mdX3AGB7x2QM2di4lA==}
    engines: {node: '>=10'}
    hasBin: true

  sourcemap-codec@1.4.8:
    resolution: {integrity: sha512-9NykojV5Uih4lgo5So5dtw+f0JgJX30KCNI8gwhz2J9A15wD0Ml6tjHKwf6fTSa6fAdVBdZeNOs9eJ71qCk8vA==}
    deprecated: Please use @jridgewell/sourcemap-codec instead

  space-separated-tokens@2.0.2:
    resolution: {integrity: sha512-PEGlAwrG8yXGXRjW32fGbg66JAlOAwbObuqVoJpv/mRgoWDQfgH1wDPvtzWyUSNAXBGSk8h755YDbbcEy3SH2Q==}

  style-mod@4.0.3:
    resolution: {integrity: sha512-78Jv8kYJdjbvRwwijtCevYADfsI0lGzYJe4mMFdceO8l75DFFDoqBhR1jVDicDRRaX4//g1u9wKeo+ztc2h1Rw==}

  supports-color@5.5.0:
    resolution: {integrity: sha512-QjVjwdXIt408MIiAqCX4oUKsgU2EqAGzs2Ppkm4aQYbjm+ZEWEcW4SfFNTr4uMNZma0ey4f5lgLrkB0aX0QMow==}
    engines: {node: '>=4'}

  ts-clone-node@3.0.0:
    resolution: {integrity: sha512-egavvyHbIoelkgh1IC2agNB1uMNjB8VJgh0g/cn0bg2XXTcrtjrGMzEk4OD3Fi2hocICjP3vMa56nkzIzq0FRg==}
    engines: {node: '>=14.9.0'}
    peerDependencies:
      typescript: ^3.x || ^4.x || ^5.x

  tslib@2.8.1:
    resolution: {integrity: sha512-oJFu94HQb+KVduSUQL7wnpmqnfmLsOA/nAh6b6EH0wCEoK0/mPeXU6c3wKDV83MkOuHPRHtSXKKU99IBazS/2w==}

  typescript@4.9.5:
    resolution: {integrity: sha512-1FXk9E2Hm+QzZQ7z+McJiHL4NW1F2EzMu9Nq9i3zAaGqibafqYwCVU6WyWAuyQRRzOlxou8xZSyXLEN8oKj24g==}
    engines: {node: '>=4.2.0'}
    hasBin: true

  ua-parser-js@1.0.41:
    resolution: {integrity: sha512-LbBDqdIC5s8iROCUjMbW1f5dJQTEFB1+KO9ogbvlb3nm9n4YHa5p4KTvFPWvh2Hs8gZMBuiB1/8+pdfe/tDPug==}
    hasBin: true

  unist-util-is@6.0.0:
    resolution: {integrity: sha512-2qCTHimwdxLfz+YzdGfkqNlH0tLi9xjTnHddPmJwtIG9MGsdbutfTc4P+haPD7l7Cjxf/WZj+we5qfVPvvxfYw==}

  unist-util-visit-parents@6.0.1:
    resolution: {integrity: sha512-L/PqWzfTP9lzzEa6CKs0k2nARxTdZduw3zyh8d2NVBnsyvHjSX4TWse388YrrQKbvI8w20fGjGlhgT96WwKykw==}

  unist-util-visit@5.0.0:
    resolution: {integrity: sha512-MR04uvD+07cwl/yhVuVWAtw+3GOR/knlL55Nd/wAdblk27GCVt3lqpTivy/tkJcZoNPzTwS1Y+KMojlLDhoTzg==}

  update-browserslist-db@1.2.3:
    resolution: {integrity: sha512-Js0m9cx+qOgDxo0eMiFGEueWztz+d4+M3rGlmKPT+T4IS/jP4ylw3Nwpu6cpTTP8R1MAC1kF4VbdLt3ARf209w==}
    hasBin: true
    peerDependencies:
      browserslist: '>= 4.21.0'

  w3c-keyname@2.2.6:
    resolution: {integrity: sha512-f+fciywl1SJEniZHD6H+kUO8gOnwIr7f4ijKA6+ZvJFjeGi1r4PDLl53Ayud9O/rk64RqgoQine0feoeOU0kXg==}

snapshots:

  '@babel/code-frame@7.21.4':
    dependencies:
      '@babel/highlight': 7.18.6
    optional: true

  '@babel/helper-validator-identifier@7.19.1':
    optional: true

  '@babel/highlight@7.18.6':
    dependencies:
      '@babel/helper-validator-identifier': 7.19.1
      chalk: 2.4.2
      js-tokens: 4.0.0
    optional: true

  '@codemirror/autocomplete@6.6.0(@codemirror/language@6.0.0)(@codemirror/state@6.2.0)(@codemirror/view@6.10.1)(@lezer/common@1.0.2)':
    dependencies:
      '@codemirror/language': 6.0.0
      '@codemirror/state': 6.2.0
      '@codemirror/view': 6.10.1
      '@lezer/common': 1.0.2

  '@codemirror/language@6.0.0':
    dependencies:
      '@codemirror/state': 6.2.0
      '@codemirror/view': 6.10.1
      '@lezer/common': 1.0.2
      '@lezer/highlight': 1.1.6
      '@lezer/lr': 1.3.0
      style-mod: 4.0.3

  '@codemirror/state@6.2.0': {}

  '@codemirror/view@6.10.1':
    dependencies:
      '@codemirror/state': 6.2.0
      style-mod: 4.0.3
      w3c-keyname: 2.2.6

  '@jridgewell/sourcemap-codec@1.5.5': {}

  '@lezer/common@1.0.2': {}

  '@lezer/generator@1.3.0':
    dependencies:
      '@lezer/common': 1.0.2
      '@lezer/lr': 1.3.0

  '@lezer/highlight@1.1.6':
    dependencies:
      '@lezer/common': 1.0.2

  '@lezer/lr@1.3.0':
    dependencies:
      '@lezer/common': 1.0.2

  '@mdn/browser-compat-data@5.7.6': {}

  '@rollup/pluginutils@5.3.0(rollup@2.80.0)':
    dependencies:
      '@types/estree': 1.0.8
      estree-walker: 2.0.2
      picomatch: 4.0.4
    optionalDependencies:
      rollup: 2.80.0

  '@types/estree@1.0.8': {}

  '@types/hast@3.0.0':
    dependencies:
      '@types/unist': 3.0.0

  '@types/node@17.0.45': {}

  '@types/object-path@0.11.4': {}

  '@types/semver@7.7.1': {}

  '@types/ua-parser-js@0.7.39': {}

  '@types/unist@3.0.0': {}

  '@wessberg/stringutil@1.0.19': {}

  ansi-colors@4.1.3: {}

  ansi-styles@3.2.1:
    dependencies:
      color-convert: 1.9.3
    optional: true

  baseline-browser-mapping@2.10.0: {}

  browserslist-generator@2.3.0:
    dependencies:
      '@mdn/browser-compat-data': 5.7.6
      '@types/object-path': 0.11.4
      '@types/semver': 7.7.1
      '@types/ua-parser-js': 0.7.39
      browserslist: 4.28.1
      caniuse-lite: 1.0.30001774
      isbot: 3.8.0
      object-path: 0.11.8
      semver: 7.7.4
      ua-parser-js: 1.0.41

  browserslist@4.28.1:
    dependencies:
      baseline-browser-mapping: 2.10.0
      caniuse-lite: 1.0.30001774
      electron-to-chromium: 1.5.302
      node-releases: 2.0.27
      update-browserslist-db: 1.2.3(browserslist@4.28.1)

  caniuse-lite@1.0.30001774: {}

  chalk@2.4.2:
    dependencies:
      ansi-styles: 3.2.1
      escape-string-regexp: 1.0.5
      supports-color: 5.5.0
    optional: true

  color-convert@1.9.3:
    dependencies:
      color-name: 1.1.3
    optional: true

  color-name@1.1.3:
    optional: true

  comma-separated-tokens@2.0.3: {}

  compatfactory@3.0.0(typescript@4.9.5):
    dependencies:
      helpertypes: 0.0.19
      typescript: 4.9.5

  crosspath@2.0.0:
    dependencies:
      '@types/node': 17.0.45

  electron-to-chromium@1.5.302: {}

  escalade@3.2.0: {}

  escape-string-regexp@1.0.5:
    optional: true

  estree-walker@2.0.2: {}

  fsevents@2.3.2:
    optional: true

  has-flag@3.0.0:
    optional: true

  hast-util-parse-selector@4.0.0:
    dependencies:
      '@types/hast': 3.0.0

  hastscript@8.0.0:
    dependencies:
      '@types/hast': 3.0.0
      comma-separated-tokens: 2.0.3
      hast-util-parse-selector: 4.0.0
      property-information: 6.2.0
      space-separated-tokens: 2.0.2

  helpertypes@0.0.19: {}

  isbot@3.8.0: {}

  js-tokens@4.0.0:
    optional: true

  magic-string@0.25.9:
    dependencies:
      sourcemap-codec: 1.4.8

  magic-string@0.30.21:
    dependencies:
      '@jridgewell/sourcemap-codec': 1.5.5

  node-releases@2.0.27: {}

  object-path@0.11.8: {}

  picocolors@1.1.1: {}

  picomatch@4.0.4: {}

  property-information@6.2.0: {}

  rollup-plugin-dts@4.0.1(rollup@2.80.0)(typescript@4.9.5):
    dependencies:
      magic-string: 0.25.9
      rollup: 2.80.0
      typescript: 4.9.5
    optionalDependencies:
      '@babel/code-frame': 7.21.4

  rollup-plugin-ts@3.4.5(rollup@2.80.0)(typescript@4.9.5):
    dependencies:
      '@rollup/pluginutils': 5.3.0(rollup@2.80.0)
      '@wessberg/stringutil': 1.0.19
      ansi-colors: 4.1.3
      browserslist: 4.28.1
      browserslist-generator: 2.3.0
      compatfactory: 3.0.0(typescript@4.9.5)
      crosspath: 2.0.0
      magic-string: 0.30.21
      rollup: 2.80.0
      ts-clone-node: 3.0.0(typescript@4.9.5)
      tslib: 2.8.1
      typescript: 4.9.5

  rollup@2.80.0:
    optionalDependencies:
      fsevents: 2.3.2

  semver@7.7.4: {}

  sourcemap-codec@1.4.8: {}

  space-separated-tokens@2.0.2: {}

  style-mod@4.0.3: {}

  supports-color@5.5.0:
    dependencies:
      has-flag: 3.0.0
    optional: true

  ts-clone-node@3.0.0(typescript@4.9.5):
    dependencies:
      compatfactory: 3.0.0(typescript@4.9.5)
      typescript: 4.9.5

  tslib@2.8.1: {}

  typescript@4.9.5: {}

  ua-parser-js@1.0.41: {}

  unist-util-is@6.0.0:
    dependencies:
      '@types/unist': 3.0.0

  unist-util-visit-parents@6.0.1:
    dependencies:
      '@types/unist': 3.0.0
      unist-util-is: 6.0.0

  unist-util-visit@5.0.0:
    dependencies:
      '@types/unist': 3.0.0
      unist-util-is: 6.0.0
      unist-util-visit-parents: 6.0.1

  update-browserslist-db@1.2.3(browserslist@4.28.1):
    dependencies:
      browserslist: 4.28.1
      escalade: 3.2.0
      picocolors: 1.1.1

  w3c-keyname@2.2.6: {}
